
Microsoft Visual Studio Solution File, Format Version 12.00
# Visual Studio Version 16
VisualStudioVersion = 16.0.29215.179
MinimumVisualStudioVersion = 10.0.40219.1
Project("{FAE04EC0-301F-11D3-BF4B-00C04F79EFBC}") = "rename.me", "rename.me.csproj", "{A9E8FA97-D6D7-44D0-9F34-109F30FECAD3}"
EndProject
Global
	GlobalSection(SolutionConfigurationPlatforms) = preSolution
		Debug|Any CPU = Debug|Any CPU
		Release|Any CPU = Release|Any CPU
	EndGlobalSection
	GlobalSection(ProjectConfigurationPlatforms) = postSolution
		{A9E8FA97-D6D7-44D0-9F34-109F30FECAD3}.Debug|Any CPU.ActiveCfg = Debug|Any CPU
		{A9E8FA97-D6D7-44D0-9F34-109F30FECAD3}.Debug|Any CPU.Build.0 = Debug|Any CPU
		{A9E8FA97-D6D7-44D0-9F34-109F30FECAD3}.Release|Any CPU.ActiveCfg = Release|Any CPU
		{A9E8FA97-D6D7-44D0-9F34-109F30FECAD3}.Release|Any CPU.Build.0 = Release|Any CPU
	EndGlobalSection
	GlobalSection(SolutionProperties) = preSolution
		HideSolutionNode = FALSE
	EndGlobalSection
	GlobalSection(ExtensibilityGlobals) = postSolution
		SolutionGuid = {96FF8A30-5532-4D4E-A640-38B6FA0F134E}
	EndGlobalSection
EndGlobal
